
Microsoft Visual Studio Solution File, Format Version 12.00
# Visual Studio Version 17
VisualStudioVersion = 17.4.33213.308
MinimumVisualStudioVersion = 10.0.40219.1
Project("{9A19103F-16F7-4668-BE54-9A1E7A4F7556}") = "登录", "WinFormsApp1\登录.csproj", "{A7D31FD4-E1F3-4A58-9367-C20040C115F7}"
EndProject
Global
	GlobalSection(SolutionConfigurationPlatforms) = preSolution
		Debug|Any CPU = Debug|Any CPU
		Release|Any CPU = Release|Any CPU
	EndGlobalSection
	GlobalSection(ProjectConfigurationPlatforms) = postSolution
		{A7D31FD4-E1F3-4A58-9367-C20040C115F7}.Debug|Any CPU.ActiveCfg = Debug|Any CPU
		{A7D31FD4-E1F3-4A58-9367-C20040C115F7}.Debug|Any CPU.Build.0 = Debug|Any CPU
		{A7D31FD4-E1F3-4A58-9367-C20040C115F7}.Release|Any CPU.ActiveCfg = Release|Any CPU
		{A7D31FD4-E1F3-4A58-9367-C20040C115F7}.Release|Any CPU.Build.0 = Release|Any CPU
	EndGlobalSection
	GlobalSection(SolutionProperties) = preSolution
		HideSolutionNode = FALSE
	EndGlobalSection
	GlobalSection(ExtensibilityGlobals) = postSolution
		SolutionGuid = {42299FC8-5E62-49E7-BAE1-37E5E42EF5B1}
	EndGlobalSection
EndGlobal
